
Microsoft Visual Studio Solution File, Format Version 12.00
# Visual Studio 15
VisualStudioVersion = 15.0.27130.2010
MinimumVisualStudioVersion = 10.0.40219.1
Project("{2150E333-8FDC-42A3-9474-1A3956D46DE8}") = "Sitefinity", "Sitefinity", "{B9065A61-A663-4494-B9DC-19FDBBE4C0D1}"
EndProject
Project("{2150E333-8FDC-42A3-9474-1A3956D46DE8}") = "Umbraco", "Umbraco", "{301AC4CF-835D-4BB9-822B-708E97FC7F1D}"
EndProject
Project("{2150E333-8FDC-42A3-9474-1A3956D46DE8}") = "Tests", "Tests", "{F31F816C-9241-496F-BA48-2EDA96FE8ACB}"
EndProject
Project("{2150E333-8FDC-42A3-9474-1A3956D46DE8}") = "Sitecore", "Sitecore", "{54AC1635-2E85-473C-88F4-0D946D2B3FCE}"
EndProject
Project("{FAE04EC0-301F-11D3-BF4B-00C04F79EFBC}") = "Gigya.Sitefinity.Module.DS", "Sitefinity\Gigya.Sitefinity.Module.DS\Gigya.Sitefinity.Module.DS.csproj", "{738C1677-13AE-44C8-8C35-F8F017F05866}"
EndProject
Project("{FAE04EC0-301F-11D3-BF4B-00C04F79EFBC}") = "Gigya.Umbraco.Module", "Umbraco\Gigya.Umbraco.Module\Gigya.Umbraco.Module.csproj", "{A3F56E14-A510-4BA4-89BE-9AFEDA162041}"
EndProject
Project("{FAE04EC0-301F-11D3-BF4B-00C04F79EFBC}") = "Gigya.Umbraco.Module.DS", "Umbraco\Gigya.Umbraco.Module.DS\Gigya.Umbraco.Module.DS.csproj", "{567779F9-A94F-4503-B417-4B9821EE9491}"
EndProject
Project("{FAE04EC0-301F-11D3-BF4B-00C04F79EFBC}") = "Gigya.Umbraco.Module.v621", "Umbraco\Gigya.Umbraco.Module.v621\Gigya.Umbraco.Module.v621.csproj", "{59636BFE-D606-4B2D-9E85-B009EFA47440}"
EndProject
Project("{FAE04EC0-301F-11D3-BF4B-00C04F79EFBC}") = "Gigya.UnitTests", "Tests\Gigya.UnitTests\Gigya.UnitTests.csproj", "{F402A237-0368-4620-8A95-43D0C34D985F}"
EndProject
Project("{FAE04EC0-301F-11D3-BF4B-00C04F79EFBC}") = "Gigya.UnitTests.Common", "Tests\Gigya.UnitTests.Common\Gigya.UnitTests.Common.csproj", "{DFA7860B-FA34-4771-8193-8B2C34759CB3}"
EndProject
Project("{FAE04EC0-301F-11D3-BF4B-00C04F79EFBC}") = "Gigya.UnitTests.Umbraco621", "Tests\Gigya.UnitTests.Umbraco621\Gigya.UnitTests.Umbraco621.csproj", "{CC05B940-B7EA-4D9D-8925-7AE166B769FF}"
EndProject
Project("{FAE04EC0-301F-11D3-BF4B-00C04F79EFBC}") = "Gigya.Module", "Sitefinity\Gigya.Module\Gigya.Module.csproj", "{74357295-27B0-4757-A7F0-3A878525BFF1}"
EndProject
Project("{2150E333-8FDC-42A3-9474-1A3956D46DE8}") = "Core", "Core", "{C160B8E5-DBCC-41CC-BCF6-CD318D445033}"
EndProject
Project("{FAE04EC0-301F-11D3-BF4B-00C04F79EFBC}") = "Gigya.Module.Core", "Core\Gigya.Module.Core\Gigya.Module.Core.csproj", "{7610AF03-891B-4AB2-A619-549BC9657CCE}"
EndProject
Project("{FAE04EC0-301F-11D3-BF4B-00C04F79EFBC}") = "Gigya.Module.DS", "Core\Gigya.Module.DS\Gigya.Module.DS.csproj", "{A35A7BC3-5D80-4030-BA94-0585BF825D00}"
EndProject
Project("{FAE04EC0-301F-11D3-BF4B-00C04F79EFBC}") = "Sitecore.Gigya.Module", "Sitecore\Sitecore.Gigya.Module\Sitecore.Gigya.Module.csproj", "{79EFA8AF-E543-4AD4-B363-E327093468B8}"
EndProject
Project("{FAE04EC0-301F-11D3-BF4B-00C04F79EFBC}") = "Sitecore.Gigya.Extensions", "Sitecore\Sitecore.Gigya.Extensions\Sitecore.Gigya.Extensions.csproj", "{9BC95C63-5C43-4BD5-B733-CA1ED5424A09}"
EndProject
Project("{FAE04EC0-301F-11D3-BF4B-00C04F79EFBC}") = "Sitecore.Gigya.Extensions.Tests", "Sitecore\Sitecore.Gigya.Extensions.Tests\Sitecore.Gigya.Extensions.Tests.csproj", "{85F735B7-9BEE-43C3-94DF-539CE267F0B9}"
EndProject
Project("{FAE04EC0-301F-11D3-BF4B-00C04F79EFBC}") = "Gigya.Umbraco.Demo.v765", "Umbraco\Gigya.Umbraco.Demo.v765\Gigya.Umbraco.Demo.v765.csproj", "{A2701370-4EDE-41EC-A24F-B9981EDD7348}"
EndProject
Project("{FAE04EC0-301F-11D3-BF4B-00C04F79EFBC}") = "Sitecore.Gigya.DependencyInjection", "Sitecore\Sitecore.Gigya.DependencyInjection\Sitecore.Gigya.DependencyInjection.csproj", "{2DAE103E-11A8-46AD-86BD-DA40DD729411}"
EndProject
Project("{FAE04EC0-301F-11D3-BF4B-00C04F79EFBC}") = "Sitecore.Gigya.Testing", "Sitecore\Sitecore.Gigya.Testing\Sitecore.Gigya.Testing.csproj", "{7CC3D72B-4518-4B78-BE48-630A263C0F5B}"
EndProject
Project("{FAE04EC0-301F-11D3-BF4B-00C04F79EFBC}") = "Sitecore.Gigya.Module.Tests", "Sitecore\Sitecore.Gigya.Module.Tests\Sitecore.Gigya.Module.Tests.csproj", "{0F1F9FC3-DC3E-4C51-9184-A78856E29309}"
EndProject
Global
	GlobalSection(SolutionConfigurationPlatforms) = preSolution
		Debug|Any CPU = Debug|Any CPU
		Release Pro|Any CPU = Release Pro|Any CPU
		Release|Any CPU = Release|Any CPU
	EndGlobalSection
	GlobalSection(ProjectConfigurationPlatforms) = postSolution
		{738C1677-13AE-44C8-8C35-F8F017F05866}.Debug|Any CPU.ActiveCfg = Debug|Any CPU
		{738C1677-13AE-44C8-8C35-F8F017F05866}.Debug|Any CPU.Build.0 = Debug|Any CPU
		{738C1677-13AE-44C8-8C35-F8F017F05866}.Release Pro|Any CPU.ActiveCfg = Release|Any CPU
		{738C1677-13AE-44C8-8C35-F8F017F05866}.Release Pro|Any CPU.Build.0 = Release|Any CPU
		{738C1677-13AE-44C8-8C35-F8F017F05866}.Release|Any CPU.ActiveCfg = Release|Any CPU
		{738C1677-13AE-44C8-8C35-F8F017F05866}.Release|Any CPU.Build.0 = Release|Any CPU
		{A3F56E14-A510-4BA4-89BE-9AFEDA162041}.Debug|Any CPU.ActiveCfg = Debug|Any CPU
		{A3F56E14-A510-4BA4-89BE-9AFEDA162041}.Debug|Any CPU.Build.0 = Debug|Any CPU
		{A3F56E14-A510-4BA4-89BE-9AFEDA162041}.Release Pro|Any CPU.ActiveCfg = Release|Any CPU
		{A3F56E14-A510-4BA4-89BE-9AFEDA162041}.Release Pro|Any CPU.Build.0 = Release|Any CPU
		{A3F56E14-A510-4BA4-89BE-9AFEDA162041}.Release|Any CPU.ActiveCfg = Release|Any CPU
		{A3F56E14-A510-4BA4-89BE-9AFEDA162041}.Release|Any CPU.Build.0 = Release|Any CPU
		{567779F9-A94F-4503-B417-4B9821EE9491}.Debug|Any CPU.ActiveCfg = Debug|Any CPU
		{567779F9-A94F-4503-B417-4B9821EE9491}.Debug|Any CPU.Build.0 = Debug|Any CPU
		{567779F9-A94F-4503-B417-4B9821EE9491}.Release Pro|Any CPU.ActiveCfg = Release|Any CPU
		{567779F9-A94F-4503-B417-4B9821EE9491}.Release Pro|Any CPU.Build.0 = Release|Any CPU
		{567779F9-A94F-4503-B417-4B9821EE9491}.Release|Any CPU.ActiveCfg = Release|Any CPU
		{567779F9-A94F-4503-B417-4B9821EE9491}.Release|Any CPU.Build.0 = Release|Any CPU
		{59636BFE-D606-4B2D-9E85-B009EFA47440}.Debug|Any CPU.ActiveCfg = Debug|Any CPU
		{59636BFE-D606-4B2D-9E85-B009EFA47440}.Debug|Any CPU.Build.0 = Debug|Any CPU
		{59636BFE-D606-4B2D-9E85-B009EFA47440}.Release Pro|Any CPU.ActiveCfg = Release|Any CPU
		{59636BFE-D606-4B2D-9E85-B009EFA47440}.Release Pro|Any CPU.Build.0 = Release|Any CPU
		{59636BFE-D606-4B2D-9E85-B009EFA47440}.Release|Any CPU.ActiveCfg = Release|Any CPU
		{59636BFE-D606-4B2D-9E85-B009EFA47440}.Release|Any CPU.Build.0 = Release|Any CPU
		{F402A237-0368-4620-8A95-43D0C34D985F}.Debug|Any CPU.ActiveCfg = Debug|Any CPU
		{F402A237-0368-4620-8A95-43D0C34D985F}.Debug|Any CPU.Build.0 = Debug|Any CPU
		{F402A237-0368-4620-8A95-43D0C34D985F}.Release Pro|Any CPU.ActiveCfg = Release|Any CPU
		{F402A237-0368-4620-8A95-43D0C34D985F}.Release Pro|Any CPU.Build.0 = Release|Any CPU
		{F402A237-0368-4620-8A95-43D0C34D985F}.Release|Any CPU.ActiveCfg = Release|Any CPU
		{F402A237-0368-4620-8A95-43D0C34D985F}.Release|Any CPU.Build.0 = Release|Any CPU
		{DFA7860B-FA34-4771-8193-8B2C34759CB3}.Debug|Any CPU.ActiveCfg = Debug|Any CPU
		{DFA7860B-FA34-4771-8193-8B2C34759CB3}.Debug|Any CPU.Build.0 = Debug|Any CPU
		{DFA7860B-FA34-4771-8193-8B2C34759CB3}.Release Pro|Any CPU.ActiveCfg = Release|Any CPU
		{DFA7860B-FA34-4771-8193-8B2C34759CB3}.Release Pro|Any CPU.Build.0 = Release|Any CPU
		{DFA7860B-FA34-4771-8193-8B2C34759CB3}.Release|Any CPU.ActiveCfg = Release|Any CPU
		{DFA7860B-FA34-4771-8193-8B2C34759CB3}.Release|Any CPU.Build.0 = Release|Any CPU
		{CC05B940-B7EA-4D9D-8925-7AE166B769FF}.Debug|Any CPU.ActiveCfg = Debug|Any CPU
		{CC05B940-B7EA-4D9D-8925-7AE166B769FF}.Debug|Any CPU.Build.0 = Debug|Any CPU
		{CC05B940-B7EA-4D9D-8925-7AE166B769FF}.Release Pro|Any CPU.ActiveCfg = Release|Any CPU
		{CC05B940-B7EA-4D9D-8925-7AE166B769FF}.Release Pro|Any CPU.Build.0 = Release|Any CPU
		{CC05B940-B7EA-4D9D-8925-7AE166B769FF}.Release|Any CPU.ActiveCfg = Release|Any CPU
		{CC05B940-B7EA-4D9D-8925-7AE166B769FF}.Release|Any CPU.Build.0 = Release|Any CPU
		{74357295-27B0-4757-A7F0-3A878525BFF1}.Debug|Any CPU.ActiveCfg = Debug|Any CPU
		{74357295-27B0-4757-A7F0-3A878525BFF1}.Debug|Any CPU.Build.0 = Debug|Any CPU
		{74357295-27B0-4757-A7F0-3A878525BFF1}.Release Pro|Any CPU.ActiveCfg = Release|Any CPU
		{74357295-27B0-4757-A7F0-3A878525BFF1}.Release Pro|Any CPU.Build.0 = Release|Any CPU
		{74357295-27B0-4757-A7F0-3A878525BFF1}.Release|Any CPU.ActiveCfg = Release|Any CPU
		{74357295-27B0-4757-A7F0-3A878525BFF1}.Release|Any CPU.Build.0 = Release|Any CPU
		{7610AF03-891B-4AB2-A619-549BC9657CCE}.Debug|Any CPU.ActiveCfg = Debug|Any CPU
		{7610AF03-891B-4AB2-A619-549BC9657CCE}.Debug|Any CPU.Build.0 = Debug|Any CPU
		{7610AF03-891B-4AB2-A619-549BC9657CCE}.Release Pro|Any CPU.ActiveCfg = Release|Any CPU
		{7610AF03-891B-4AB2-A619-549BC9657CCE}.Release Pro|Any CPU.Build.0 = Release|Any CPU
		{7610AF03-891B-4AB2-A619-549BC9657CCE}.Release|Any CPU.ActiveCfg = Release|Any CPU
		{7610AF03-891B-4AB2-A619-549BC9657CCE}.Release|Any CPU.Build.0 = Release|Any CPU
		{A35A7BC3-5D80-4030-BA94-0585BF825D00}.Debug|Any CPU.ActiveCfg = Debug|Any CPU
		{A35A7BC3-5D80-4030-BA94-0585BF825D00}.Debug|Any CPU.Build.0 = Debug|Any CPU
		{A35A7BC3-5D80-4030-BA94-0585BF825D00}.Release Pro|Any CPU.ActiveCfg = Release|Any CPU
		{A35A7BC3-5D80-4030-BA94-0585BF825D00}.Release Pro|Any CPU.Build.0 = Release|Any CPU
		{A35A7BC3-5D80-4030-BA94-0585BF825D00}.Release|Any CPU.ActiveCfg = Release|Any CPU
		{A35A7BC3-5D80-4030-BA94-0585BF825D00}.Release|Any CPU.Build.0 = Release|Any CPU
		{79EFA8AF-E543-4AD4-B363-E327093468B8}.Debug|Any CPU.ActiveCfg = Debug|Any CPU
		{79EFA8AF-E543-4AD4-B363-E327093468B8}.Debug|Any CPU.Build.0 = Debug|Any CPU
		{79EFA8AF-E543-4AD4-B363-E327093468B8}.Release Pro|Any CPU.ActiveCfg = Release|Any CPU
		{79EFA8AF-E543-4AD4-B363-E327093468B8}.Release Pro|Any CPU.Build.0 = Release|Any CPU
		{79EFA8AF-E543-4AD4-B363-E327093468B8}.Release|Any CPU.ActiveCfg = Release|Any CPU
		{79EFA8AF-E543-4AD4-B363-E327093468B8}.Release|Any CPU.Build.0 = Release|Any CPU
		{9BC95C63-5C43-4BD5-B733-CA1ED5424A09}.Debug|Any CPU.ActiveCfg = Debug|Any CPU
		{9BC95C63-5C43-4BD5-B733-CA1ED5424A09}.Debug|Any CPU.Build.0 = Debug|Any CPU
		{9BC95C63-5C43-4BD5-B733-CA1ED5424A09}.Release Pro|Any CPU.ActiveCfg = Release|Any CPU
		{9BC95C63-5C43-4BD5-B733-CA1ED5424A09}.Release Pro|Any CPU.Build.0 = Release|Any CPU
		{9BC95C63-5C43-4BD5-B733-CA1ED5424A09}.Release|Any CPU.ActiveCfg = Release|Any CPU
		{9BC95C63-5C43-4BD5-B733-CA1ED5424A09}.Release|Any CPU.Build.0 = Release|Any CPU
		{85F735B7-9BEE-43C3-94DF-539CE267F0B9}.Debug|Any CPU.ActiveCfg = Debug|Any CPU
		{85F735B7-9BEE-43C3-94DF-539CE267F0B9}.Debug|Any CPU.Build.0 = Debug|Any CPU
		{85F735B7-9BEE-43C3-94DF-539CE267F0B9}.Release Pro|Any CPU.ActiveCfg = Release|Any CPU
		{85F735B7-9BEE-43C3-94DF-539CE267F0B9}.Release Pro|Any CPU.Build.0 = Release|Any CPU
		{85F735B7-9BEE-43C3-94DF-539CE267F0B9}.Release|Any CPU.ActiveCfg = Release|Any CPU
		{85F735B7-9BEE-43C3-94DF-539CE267F0B9}.Release|Any CPU.Build.0 = Release|Any CPU
		{A2701370-4EDE-41EC-A24F-B9981EDD7348}.Debug|Any CPU.ActiveCfg = Debug|Any CPU
		{A2701370-4EDE-41EC-A24F-B9981EDD7348}.Debug|Any CPU.Build.0 = Debug|Any CPU
		{A2701370-4EDE-41EC-A24F-B9981EDD7348}.Release Pro|Any CPU.ActiveCfg = Release|Any CPU
		{A2701370-4EDE-41EC-A24F-B9981EDD7348}.Release Pro|Any CPU.Build.0 = Release|Any CPU
		{A2701370-4EDE-41EC-A24F-B9981EDD7348}.Release|Any CPU.ActiveCfg = Release|Any CPU
		{A2701370-4EDE-41EC-A24F-B9981EDD7348}.Release|Any CPU.Build.0 = Release|Any CPU
		{2DAE103E-11A8-46AD-86BD-DA40DD729411}.Debug|Any CPU.ActiveCfg = Debug|Any CPU
		{2DAE103E-11A8-46AD-86BD-DA40DD729411}.Debug|Any CPU.Build.0 = Debug|Any CPU
		{2DAE103E-11A8-46AD-86BD-DA40DD729411}.Release Pro|Any CPU.ActiveCfg = Release|Any CPU
		{2DAE103E-11A8-46AD-86BD-DA40DD729411}.Release Pro|Any CPU.Build.0 = Release|Any CPU
		{2DAE103E-11A8-46AD-86BD-DA40DD729411}.Release|Any CPU.ActiveCfg = Release|Any CPU
		{2DAE103E-11A8-46AD-86BD-DA40DD729411}.Release|Any CPU.Build.0 = Release|Any CPU
		{7CC3D72B-4518-4B78-BE48-630A263C0F5B}.Debug|Any CPU.ActiveCfg = Debug|Any CPU
		{7CC3D72B-4518-4B78-BE48-630A263C0F5B}.Debug|Any CPU.Build.0 = Debug|Any CPU
		{7CC3D72B-4518-4B78-BE48-630A263C0F5B}.Release Pro|Any CPU.ActiveCfg = Release|Any CPU
		{7CC3D72B-4518-4B78-BE48-630A263C0F5B}.Release Pro|Any CPU.Build.0 = Release|Any CPU
		{7CC3D72B-4518-4B78-BE48-630A263C0F5B}.Release|Any CPU.ActiveCfg = Release|Any CPU
		{7CC3D72B-4518-4B78-BE48-630A263C0F5B}.Release|Any CPU.Build.0 = Release|Any CPU
		{0F1F9FC3-DC3E-4C51-9184-A78856E29309}.Debug|Any CPU.ActiveCfg = Debug|Any CPU
		{0F1F9FC3-DC3E-4C51-9184-A78856E29309}.Debug|Any CPU.Build.0 = Debug|Any CPU
		{0F1F9FC3-DC3E-4C51-9184-A78856E29309}.Release Pro|Any CPU.ActiveCfg = Release|Any CPU
		{0F1F9FC3-DC3E-4C51-9184-A78856E29309}.Release Pro|Any CPU.Build.0 = Release|Any CPU
		{0F1F9FC3-DC3E-4C51-9184-A78856E29309}.Release|Any CPU.ActiveCfg = Release|Any CPU
		{0F1F9FC3-DC3E-4C51-9184-A78856E29309}.Release|Any CPU.Build.0 = Release|Any CPU
	EndGlobalSection
	GlobalSection(SolutionProperties) = preSolution
		HideSolutionNode = FALSE
	EndGlobalSection
	GlobalSection(NestedProjects) = preSolution
		{738C1677-13AE-44C8-8C35-F8F017F05866} = {B9065A61-A663-4494-B9DC-19FDBBE4C0D1}
		{A3F56E14-A510-4BA4-89BE-9AFEDA162041} = {301AC4CF-835D-4BB9-822B-708E97FC7F1D}
		{567779F9-A94F-4503-B417-4B9821EE9491} = {301AC4CF-835D-4BB9-822B-708E97FC7F1D}
		{59636BFE-D606-4B2D-9E85-B009EFA47440} = {301AC4CF-835D-4BB9-822B-708E97FC7F1D}
		{F402A237-0368-4620-8A95-43D0C34D985F} = {F31F816C-9241-496F-BA48-2EDA96FE8ACB}
		{DFA7860B-FA34-4771-8193-8B2C34759CB3} = {F31F816C-9241-496F-BA48-2EDA96FE8ACB}
		{CC05B940-B7EA-4D9D-8925-7AE166B769FF} = {F31F816C-9241-496F-BA48-2EDA96FE8ACB}
		{74357295-27B0-4757-A7F0-3A878525BFF1} = {B9065A61-A663-4494-B9DC-19FDBBE4C0D1}
		{7610AF03-891B-4AB2-A619-549BC9657CCE} = {C160B8E5-DBCC-41CC-BCF6-CD318D445033}
		{A35A7BC3-5D80-4030-BA94-0585BF825D00} = {C160B8E5-DBCC-41CC-BCF6-CD318D445033}
		{79EFA8AF-E543-4AD4-B363-E327093468B8} = {54AC1635-2E85-473C-88F4-0D946D2B3FCE}
		{9BC95C63-5C43-4BD5-B733-CA1ED5424A09} = {54AC1635-2E85-473C-88F4-0D946D2B3FCE}
		{85F735B7-9BEE-43C3-94DF-539CE267F0B9} = {54AC1635-2E85-473C-88F4-0D946D2B3FCE}
		{A2701370-4EDE-41EC-A24F-B9981EDD7348} = {301AC4CF-835D-4BB9-822B-708E97FC7F1D}
		{2DAE103E-11A8-46AD-86BD-DA40DD729411} = {54AC1635-2E85-473C-88F4-0D946D2B3FCE}
		{7CC3D72B-4518-4B78-BE48-630A263C0F5B} = {54AC1635-2E85-473C-88F4-0D946D2B3FCE}
		{0F1F9FC3-DC3E-4C51-9184-A78856E29309} = {54AC1635-2E85-473C-88F4-0D946D2B3FCE}
	EndGlobalSection
	GlobalSection(ExtensibilityGlobals) = postSolution
		SolutionGuid = {C31766D1-F4CB-4363-B191-D9B4B289F742}
	EndGlobalSection
EndGlobal
