
Microsoft Visual Studio Solution File, Format Version 12.00
# Visual Studio 15
VisualStudioVersion = 15.0.27130.2010
MinimumVisualStudioVersion = 10.0.40219.1
Project("{2150E333-8FDC-42A3-9474-1A3956D46DE8}") = "Tests", "Tests", "{F31F816C-9241-496F-BA48-2EDA96FE8ACB}"
EndProject
Project("{FAE04EC0-301F-11D3-BF4B-00C04F79EFBC}") = "Gigya.UnitTests", "Tests\Gigya.UnitTests\Gigya.UnitTests.csproj", "{F402A237-0368-4620-8A95-43D0C34D985F}"
EndProject
Project("{FAE04EC0-301F-11D3-BF4B-00C04F79EFBC}") = "Gigya.UnitTests.Common", "Tests\Gigya.UnitTests.Common\Gigya.UnitTests.Common.csproj", "{DFA7860B-FA34-4771-8193-8B2C34759CB3}"
EndProject
Project("{2150E333-8FDC-42A3-9474-1A3956D46DE8}") = "Core", "Core", "{C160B8E5-DBCC-41CC-BCF6-CD318D445033}"
EndProject
Project("{FAE04EC0-301F-11D3-BF4B-00C04F79EFBC}") = "Gigya.Module.Core", "Core\Gigya.Module.Core\Gigya.Module.Core.csproj", "{7610AF03-891B-4AB2-A619-549BC9657CCE}"
EndProject
Project("{FAE04EC0-301F-11D3-BF4B-00C04F79EFBC}") = "Gigya.Module.DS", "Core\Gigya.Module.DS\Gigya.Module.DS.csproj", "{A35A7BC3-5D80-4030-BA94-0585BF825D00}"
EndProject
Project("{FAE04EC0-301F-11D3-BF4B-00C04F79EFBC}") = "Gigya.Module.DeleteSync", "Core\Gigya.Module.DeleteSync\Gigya.Module.DeleteSync.csproj", "{51CF624F-16BC-42D6-AAFF-9BC72E445AED}"
EndProject
Project("{FAE04EC0-301F-11D3-BF4B-00C04F79EFBC}") = "Gigya.Module.DeleteSync.Tests", "Core\Gigya.Module.DeleteSync.Tests\Gigya.Module.DeleteSync.Tests.csproj", "{349C5056-7E79-464F-BC24-59EC66FAC218}"
EndProject
Global
	GlobalSection(SolutionConfigurationPlatforms) = preSolution
		Debug|Any CPU = Debug|Any CPU
		Release Pro|Any CPU = Release Pro|Any CPU
		Release|Any CPU = Release|Any CPU
	EndGlobalSection
	GlobalSection(ProjectConfigurationPlatforms) = postSolution
		{F402A237-0368-4620-8A95-43D0C34D985F}.Debug|Any CPU.ActiveCfg = Debug|Any CPU
		{F402A237-0368-4620-8A95-43D0C34D985F}.Debug|Any CPU.Build.0 = Debug|Any CPU
		{F402A237-0368-4620-8A95-43D0C34D985F}.Release Pro|Any CPU.ActiveCfg = Release|Any CPU
		{F402A237-0368-4620-8A95-43D0C34D985F}.Release Pro|Any CPU.Build.0 = Release|Any CPU
		{F402A237-0368-4620-8A95-43D0C34D985F}.Release|Any CPU.ActiveCfg = Release|Any CPU
		{F402A237-0368-4620-8A95-43D0C34D985F}.Release|Any CPU.Build.0 = Release|Any CPU
		{DFA7860B-FA34-4771-8193-8B2C34759CB3}.Debug|Any CPU.ActiveCfg = Debug|Any CPU
		{DFA7860B-FA34-4771-8193-8B2C34759CB3}.Debug|Any CPU.Build.0 = Debug|Any CPU
		{DFA7860B-FA34-4771-8193-8B2C34759CB3}.Release Pro|Any CPU.ActiveCfg = Release|Any CPU
		{DFA7860B-FA34-4771-8193-8B2C34759CB3}.Release Pro|Any CPU.Build.0 = Release|Any CPU
		{DFA7860B-FA34-4771-8193-8B2C34759CB3}.Release|Any CPU.ActiveCfg = Release|Any CPU
		{DFA7860B-FA34-4771-8193-8B2C34759CB3}.Release|Any CPU.Build.0 = Release|Any CPU
		{7610AF03-891B-4AB2-A619-549BC9657CCE}.Debug|Any CPU.ActiveCfg = Debug|Any CPU
		{7610AF03-891B-4AB2-A619-549BC9657CCE}.Debug|Any CPU.Build.0 = Debug|Any CPU
		{7610AF03-891B-4AB2-A619-549BC9657CCE}.Release Pro|Any CPU.ActiveCfg = Release|Any CPU
		{7610AF03-891B-4AB2-A619-549BC9657CCE}.Release Pro|Any CPU.Build.0 = Release|Any CPU
		{7610AF03-891B-4AB2-A619-549BC9657CCE}.Release|Any CPU.ActiveCfg = Release|Any CPU
		{7610AF03-891B-4AB2-A619-549BC9657CCE}.Release|Any CPU.Build.0 = Release|Any CPU
		{A35A7BC3-5D80-4030-BA94-0585BF825D00}.Debug|Any CPU.ActiveCfg = Debug|Any CPU
		{A35A7BC3-5D80-4030-BA94-0585BF825D00}.Debug|Any CPU.Build.0 = Debug|Any CPU
		{A35A7BC3-5D80-4030-BA94-0585BF825D00}.Release Pro|Any CPU.ActiveCfg = Release|Any CPU
		{A35A7BC3-5D80-4030-BA94-0585BF825D00}.Release Pro|Any CPU.Build.0 = Release|Any CPU
		{A35A7BC3-5D80-4030-BA94-0585BF825D00}.Release|Any CPU.ActiveCfg = Release|Any CPU
		{A35A7BC3-5D80-4030-BA94-0585BF825D00}.Release|Any CPU.Build.0 = Release|Any CPU
		{51CF624F-16BC-42D6-AAFF-9BC72E445AED}.Debug|Any CPU.ActiveCfg = Debug|Any CPU
		{51CF624F-16BC-42D6-AAFF-9BC72E445AED}.Debug|Any CPU.Build.0 = Debug|Any CPU
		{51CF624F-16BC-42D6-AAFF-9BC72E445AED}.Release Pro|Any CPU.ActiveCfg = Release|Any CPU
		{51CF624F-16BC-42D6-AAFF-9BC72E445AED}.Release Pro|Any CPU.Build.0 = Release|Any CPU
		{51CF624F-16BC-42D6-AAFF-9BC72E445AED}.Release|Any CPU.ActiveCfg = Release|Any CPU
		{51CF624F-16BC-42D6-AAFF-9BC72E445AED}.Release|Any CPU.Build.0 = Release|Any CPU
		{349C5056-7E79-464F-BC24-59EC66FAC218}.Debug|Any CPU.ActiveCfg = Debug|Any CPU
		{349C5056-7E79-464F-BC24-59EC66FAC218}.Debug|Any CPU.Build.0 = Debug|Any CPU
		{349C5056-7E79-464F-BC24-59EC66FAC218}.Release Pro|Any CPU.ActiveCfg = Release|Any CPU
		{349C5056-7E79-464F-BC24-59EC66FAC218}.Release Pro|Any CPU.Build.0 = Release|Any CPU
		{349C5056-7E79-464F-BC24-59EC66FAC218}.Release|Any CPU.ActiveCfg = Release|Any CPU
		{349C5056-7E79-464F-BC24-59EC66FAC218}.Release|Any CPU.Build.0 = Release|Any CPU
	EndGlobalSection
	GlobalSection(SolutionProperties) = preSolution
		HideSolutionNode = FALSE
	EndGlobalSection
	GlobalSection(NestedProjects) = preSolution
		{F402A237-0368-4620-8A95-43D0C34D985F} = {F31F816C-9241-496F-BA48-2EDA96FE8ACB}
		{DFA7860B-FA34-4771-8193-8B2C34759CB3} = {F31F816C-9241-496F-BA48-2EDA96FE8ACB}
		{7610AF03-891B-4AB2-A619-549BC9657CCE} = {C160B8E5-DBCC-41CC-BCF6-CD318D445033}
		{A35A7BC3-5D80-4030-BA94-0585BF825D00} = {C160B8E5-DBCC-41CC-BCF6-CD318D445033}
		{51CF624F-16BC-42D6-AAFF-9BC72E445AED} = {C160B8E5-DBCC-41CC-BCF6-CD318D445033}
		{349C5056-7E79-464F-BC24-59EC66FAC218} = {F31F816C-9241-496F-BA48-2EDA96FE8ACB}
	EndGlobalSection
	GlobalSection(ExtensibilityGlobals) = postSolution
		SolutionGuid = {C31766D1-F4CB-4363-B191-D9B4B289F742}
	EndGlobalSection
EndGlobal
